{
  "name": "@starterapp/portal",
  "version": "0.0.0",
  "lockfileVersion": 2,
  "requires": true,
  "packages": {
    "": {
      "name": "@starterapp/portal",
      "version": "0.0.0",
      "dependencies": {
        "@starterapp/contract": "../contract"
      }
    },
    "../contract": {
      "version": "0.0.0"
    },
    "node_modules/@starterapp/contract": {
      "resolved": "../contract",
      "link": true
    }
  },
  "dependencies": {
    "@starterapp/contract": {
      "version": "file:../contract"
    }
  }
}
