{
  "name": "@starterapp/service",
  "version": "0.0.0",
  "lockfileVersion": 2,
  "requires": true,
  "packages": {
    "": {
      "name": "@starterapp/service",
      "version": "0.0.0",
      "dependencies": {
        "@starterapp/common": "../common",
        "@starterapp/contract": "../contract"
      }
    },
    "../common": {
      "name": "@starterapp/common",
      "version": "0.0.0"
    },
    "../contract": {
      "version": "0.0.0"
    },
    "node_modules/@starterapp/common": {
      "resolved": "../common",
      "link": true
    },
    "node_modules/@starterapp/contract": {
      "resolved": "../contract",
      "link": true
    }
  },
  "dependencies": {
    "@starterapp/common": {
      "version": "file:../common"
    },
    "@starterapp/contract": {
      "version": "file:../contract"
    }
  }
}
